<?xml version="1.0" encoding="utf-8"?>
<Project ToolsVersion="4.0" xmlns="http://schemas.microsoft.com/developer/msbuild/2003">
  <ItemGroup>
    <Filter Include="Source Files">
      <UniqueIdentifier>{4FC737F1-C7A5-4376-A066-2A32D752A2FF}</UniqueIdentifier>
      <Extensions>cpp;c;cc;cxx;def;odl;idl;hpj;bat;asm;asmx</Extensions>
    </Filter>
    <Filter Include="Header Files">
      <UniqueIdentifier>{93995380-89BD-4b04-88EB-625FBE52EBFB}</UniqueIdentifier>
      <Extensions>h;hh;hpp;hxx;hm;inl;inc;xsd</Extensions>
    </Filter>
    <Filter Include="Resource Files">
      <UniqueIdentifier>{67DA6AB6-F800-4c08-8B7A-83BB121AAD01}</UniqueIdentifier>
      <Extensions>rc;ico;cur;bmp;dlg;rc2;rct;bin;rgs;gif;jpg;jpeg;jpe;resx;tiff;tif;png;wav;mfcribbon-ms</Extensions>
    </Filter>
    <Filter Include="Header Files\VectorMath">
      <UniqueIdentifier>{9327d1e8-a596-40f7-8825-82c2813e721d}</UniqueIdentifier>
    </Filter>
    <Filter Include="Header Files\Spatial">
      <UniqueIdentifier>{147b33ff-0250-4529-a29c-bd29a59f3ca5}</UniqueIdentifier>
    </Filter>
    <Filter Include="Header Files\Physical">
      <UniqueIdentifier>{047a9741-fa3c-49e7-817d-fb49ba1cf914}</UniqueIdentifier>
    </Filter>
    <Filter Include="Source Files\Lights">
      <UniqueIdentifier>{dbcacf29-5bf1-4806-823e-cd9153e58eeb}</UniqueIdentifier>
    </Filter>
    <Filter Include="Header Files\Lights">
      <UniqueIdentifier>{e817c085-5345-4428-8634-d3b31920a37d}</UniqueIdentifier>
    </Filter>
    <Filter Include="Source Files\Spatial">
      <UniqueIdentifier>{a763708a-2ff0-4b86-a790-7f6f1faa8334}</UniqueIdentifier>
    </Filter>
  </ItemGroup>
  <ItemGroup>
    <ClInclude Include="quat.h">
      <Filter>Header Files\VectorMath</Filter>
    </ClInclude>
    <ClInclude Include="vector.h">
      <Filter>Header Files\VectorMath</Filter>
    </ClInclude>
    <ClInclude Include="Velocity.h">
      <Filter>Header Files\Spatial</Filter>
    </ClInclude>
    <ClInclude Include="Position.h">
      <Filter>Header Files\Spatial</Filter>
    </ClInclude>
    <ClInclude Include="RefFrame.h">
      <Filter>Header Files\Spatial</Filter>
    </ClInclude>
    <ClInclude Include="ObjectBase.h">
      <Filter>Header Files\Physical</Filter>
    </ClInclude>
    <ClInclude Include="Intersection.h">
      <Filter>Header Files\Spatial</Filter>
    </ClInclude>
    <ClInclude Include="PreDefs.h">
      <Filter>Header Files</Filter>
    </ClInclude>
    <ClInclude Include="Ray.h">
      <Filter>Header Files\Spatial</Filter>
    </ClInclude>
    <ClInclude Include="LightBase.h">
      <Filter>Header Files\Physical</Filter>
    </ClInclude>
    <ClInclude Include="Spectrum.h">
      <Filter>Header Files\Physical</Filter>
    </ClInclude>
    <ClInclude Include="StaticLight.h">
      <Filter>Header Files\Lights</Filter>
    </ClInclude>
    <ClInclude Include="Scene.h">
      <Filter>Header Files</Filter>
    </ClInclude>
    <ClInclude Include="Camera.h">
      <Filter>Header Files</Filter>
    </ClInclude>
    <ClInclude Include="LightRayInfo.h">
      <Filter>Header Files\Physical</Filter>
    </ClInclude>
  </ItemGroup>
  <ItemGroup>
    <ClCompile Include="StaticLight.cpp">
      <Filter>Source Files\Lights</Filter>
    </ClCompile>
    <ClCompile Include="Ray.cpp">
      <Filter>Source Files\Spatial</Filter>
    </ClCompile>
    <ClCompile Include="RefFrame.cpp">
      <Filter>Source Files\Spatial</Filter>
    </ClCompile>
    <ClCompile Include="Scene.cpp">
      <Filter>Source Files</Filter>
    </ClCompile>
  </ItemGroup>
</Project>