<?xml version="1.0" encoding="utf-8"?>
<Project ToolsVersion="4.0" xmlns="http://schemas.microsoft.com/developer/msbuild/2003">
  <ItemGroup>
    <Filter Include="Source Files">
      <UniqueIdentifier>{4FC737F1-C7A5-4376-A066-2A32D752A2FF}</UniqueIdentifier>
      <Extensions>cpp;c;cc;cxx;def;odl;idl;hpj;bat;asm;asmx</Extensions>
    </Filter>
    <Filter Include="Header Files">
      <UniqueIdentifier>{93995380-89BD-4b04-88EB-625FBE52EBFB}</UniqueIdentifier>
      <Extensions>h;hh;hpp;hxx;hm;inl;inc;xsd</Extensions>
    </Filter>
    <Filter Include="Resource Files">
      <UniqueIdentifier>{67DA6AB6-F800-4c08-8B7A-83BB121AAD01}</UniqueIdentifier>
      <Extensions>rc;ico;cur;bmp;dlg;rc2;rct;bin;rgs;gif;jpg;jpeg;jpe;resx;tiff;tif;png;wav;mfcribbon-ms</Extensions>
    </Filter>
    <Filter Include="Header Files\Physical">
      <UniqueIdentifier>{a4cc6bb1-1760-42d5-8dd5-7b3f00a6545a}</UniqueIdentifier>
    </Filter>
    <Filter Include="Header Files\Scene">
      <UniqueIdentifier>{d479b6c8-251e-4633-8a6c-552a2d814491}</UniqueIdentifier>
    </Filter>
    <Filter Include="Header Files\Spatial">
      <UniqueIdentifier>{e41977d9-eb66-41d3-8446-89a1499ba6c4}</UniqueIdentifier>
    </Filter>
    <Filter Include="Header Files\Math">
      <UniqueIdentifier>{8a7f0286-ad4e-40aa-b32d-a3c3783cabfd}</UniqueIdentifier>
    </Filter>
    <Filter Include="Header Files\Lights">
      <UniqueIdentifier>{b3a806fa-9d96-453f-a66b-e83698987580}</UniqueIdentifier>
    </Filter>
  </ItemGroup>
  <ItemGroup>
    <ClInclude Include="Constants.h">
      <Filter>Header Files</Filter>
    </ClInclude>
    <ClInclude Include="PreDefs.h">
      <Filter>Header Files</Filter>
    </ClInclude>
    <ClInclude Include="LightBase.h">
      <Filter>Header Files\Physical</Filter>
    </ClInclude>
    <ClInclude Include="LightRayInfo.h">
      <Filter>Header Files\Physical</Filter>
    </ClInclude>
    <ClInclude Include="ObjectBase.h">
      <Filter>Header Files\Physical</Filter>
    </ClInclude>
    <ClInclude Include="Camera.h">
      <Filter>Header Files\Physical</Filter>
    </ClInclude>
    <ClInclude Include="Position.h">
      <Filter>Header Files\Spatial</Filter>
    </ClInclude>
    <ClInclude Include="Velocity.h">
      <Filter>Header Files\Spatial</Filter>
    </ClInclude>
    <ClInclude Include="Ray.h">
      <Filter>Header Files\Spatial</Filter>
    </ClInclude>
    <ClInclude Include="Intersection.h">
      <Filter>Header Files\Spatial</Filter>
    </ClInclude>
    <ClInclude Include="Frame.h">
      <Filter>Header Files\Scene</Filter>
    </ClInclude>
    <ClInclude Include="Scene.h">
      <Filter>Header Files\Scene</Filter>
    </ClInclude>
    <ClInclude Include="RefFrame.h">
      <Filter>Header Files\Spatial</Filter>
    </ClInclude>
    <ClInclude Include="Matrix.h">
      <Filter>Header Files\Math</Filter>
    </ClInclude>
    <ClInclude Include="quat.h">
      <Filter>Header Files\Math</Filter>
    </ClInclude>
    <ClInclude Include="vector.h">
      <Filter>Header Files\Math</Filter>
    </ClInclude>
    <ClInclude Include="StaticLight.h">
      <Filter>Header Files\Lights</Filter>
    </ClInclude>
    <ClInclude Include="ColourSource.h">
      <Filter>Header Files</Filter>
    </ClInclude>
    <ClInclude Include="StandardColourSource.h">
      <Filter>Header Files</Filter>
    </ClInclude>
    <ClInclude Include="StaticPointLight.h">
      <Filter>Header Files\Lights</Filter>
    </ClInclude>
    <ClInclude Include="StaticSphere.h">
      <Filter>Header Files</Filter>
    </ClInclude>
  </ItemGroup>
  <ItemGroup>
    <ClCompile Include="Frame.cpp">
      <Filter>Source Files</Filter>
    </ClCompile>
    <ClCompile Include="LightBase.cpp">
      <Filter>Source Files</Filter>
    </ClCompile>
    <ClCompile Include="Ray.cpp">
      <Filter>Source Files</Filter>
    </ClCompile>
    <ClCompile Include="RefFrame.cpp">
      <Filter>Source Files</Filter>
    </ClCompile>
    <ClCompile Include="Scene.cpp">
      <Filter>Source Files</Filter>
    </ClCompile>
    <ClCompile Include="StaticLight.cpp">
      <Filter>Source Files</Filter>
    </ClCompile>
    <ClCompile Include="main.cpp">
      <Filter>Source Files</Filter>
    </ClCompile>
    <ClCompile Include="StaticPointLight.cpp">
      <Filter>Source Files</Filter>
    </ClCompile>
  </ItemGroup>
</Project>