<?xml version="1.0" encoding="utf-8"?>
<Project ToolsVersion="4.0" xmlns="http://schemas.microsoft.com/developer/msbuild/2003">
  <ItemGroup>
    <Filter Include="Source Files">
      <UniqueIdentifier>{4FC737F1-C7A5-4376-A066-2A32D752A2FF}</UniqueIdentifier>
      <Extensions>cpp;c;cc;cxx;def;odl;idl;hpj;bat;asm;asmx</Extensions>
    </Filter>
    <Filter Include="Header Files">
      <UniqueIdentifier>{93995380-89BD-4b04-88EB-625FBE52EBFB}</UniqueIdentifier>
      <Extensions>h;hh;hpp;hxx;hm;inl;inc;xsd</Extensions>
    </Filter>
    <Filter Include="Resource Files">
      <UniqueIdentifier>{67DA6AB6-F800-4c08-8B7A-83BB121AAD01}</UniqueIdentifier>
      <Extensions>rc;ico;cur;bmp;dlg;rc2;rct;bin;rgs;gif;jpg;jpeg;jpe;resx;tiff;tif;png;wav;mfcribbon-ms</Extensions>
    </Filter>
    <Filter Include="Header Files\Abstract">
      <UniqueIdentifier>{1b55045d-a834-4b27-b905-973625bb810b}</UniqueIdentifier>
    </Filter>
    <Filter Include="Header Files\Spatial">
      <UniqueIdentifier>{20f67ebf-cb4f-43f8-8e14-783e96b9adf4}</UniqueIdentifier>
    </Filter>
    <Filter Include="Header Files\Shapes">
      <UniqueIdentifier>{696e41db-2606-4643-ac7c-414d18ae771e}</UniqueIdentifier>
    </Filter>
    <Filter Include="Source Files\Spatial">
      <UniqueIdentifier>{678384be-9864-4c9f-86a7-a43f7076276a}</UniqueIdentifier>
    </Filter>
    <Filter Include="Source Files\Abstract">
      <UniqueIdentifier>{4596a6ba-f97c-4df0-ab3c-4c0eadcb0429}</UniqueIdentifier>
    </Filter>
    <Filter Include="Source Files\Shapes">
      <UniqueIdentifier>{8eae0585-f39a-4608-8f1f-ca566cd51d27}</UniqueIdentifier>
    </Filter>
    <Filter Include="Header Files\ColourSource">
      <UniqueIdentifier>{db84f6fa-e8e3-44a6-a2a9-3316223f931c}</UniqueIdentifier>
    </Filter>
    <Filter Include="Source Files\ColourSource">
      <UniqueIdentifier>{d1326a46-e61d-45e4-ba21-635bf73477c3}</UniqueIdentifier>
    </Filter>
    <Filter Include="Header Files\Light">
      <UniqueIdentifier>{61f630b1-ddb5-4adc-83a3-1917d9651315}</UniqueIdentifier>
    </Filter>
    <Filter Include="Source Files\Lights">
      <UniqueIdentifier>{0b3c96ad-4772-40df-b800-ee9bc1555235}</UniqueIdentifier>
    </Filter>
    <Filter Include="Header Files\Parser">
      <UniqueIdentifier>{82e7488c-9e9d-41f8-bfe0-afac04898f73}</UniqueIdentifier>
    </Filter>
    <Filter Include="Source Files\Parser">
      <UniqueIdentifier>{e3764ee5-a35c-4c57-bdea-4a5890985d92}</UniqueIdentifier>
    </Filter>
    <Filter Include="Header Files\Parser\grammar-v0.1">
      <UniqueIdentifier>{2a2d3469-51de-477d-90bc-fd013b1f6c2e}</UniqueIdentifier>
    </Filter>
    <Filter Include="Source Files\Parser\grammar-v0.1">
      <UniqueIdentifier>{326b53c8-4d13-40a7-b1cc-5eda07e06ff3}</UniqueIdentifier>
    </Filter>
    <Filter Include="Header Files\Serialization">
      <UniqueIdentifier>{0b9658a2-d622-4544-8209-5b5158672340}</UniqueIdentifier>
    </Filter>
    <Filter Include="Source Files\Serialization">
      <UniqueIdentifier>{ad74d86a-7109-475c-b810-b53bab293d0b}</UniqueIdentifier>
    </Filter>
    <Filter Include="Resource Files\grammar-v0.1">
      <UniqueIdentifier>{4cf72db3-2b51-4381-8dd0-893d9aefe664}</UniqueIdentifier>
    </Filter>
    <Filter Include="Source Files\Math">
      <UniqueIdentifier>{afd5b2af-2970-4159-aeaf-9bb50f1bf7cf}</UniqueIdentifier>
    </Filter>
    <Filter Include="Header Files\Math">
      <UniqueIdentifier>{91002bc4-fc4c-4d69-9738-ac1414774df7}</UniqueIdentifier>
    </Filter>
  </ItemGroup>
  <ItemGroup>
    <ClCompile Include="Scene.cpp">
      <Filter>Source Files</Filter>
    </ClCompile>
    <ClCompile Include="Camera.cpp">
      <Filter>Source Files\Spatial</Filter>
    </ClCompile>
    <ClCompile Include="Ray.cpp">
      <Filter>Source Files\Spatial</Filter>
    </ClCompile>
    <ClCompile Include="ReferenceFrame.cpp">
      <Filter>Source Files\Spatial</Filter>
    </ClCompile>
    <ClCompile Include="ObjectBase.cpp">
      <Filter>Source Files\Abstract</Filter>
    </ClCompile>
    <ClCompile Include="Sphere.cpp">
      <Filter>Source Files\Shapes</Filter>
    </ClCompile>
    <ClCompile Include="Frame.cpp">
      <Filter>Source Files</Filter>
    </ClCompile>
    <ClCompile Include="main.cpp">
      <Filter>Source Files</Filter>
    </ClCompile>
    <ClCompile Include="RgbColourSource.cpp">
      <Filter>Source Files\ColourSource</Filter>
    </ClCompile>
    <ClCompile Include="LightBase.cpp">
      <Filter>Source Files\Abstract</Filter>
    </ClCompile>
    <ClCompile Include="DirectionalLight.cpp">
      <Filter>Source Files\Lights</Filter>
    </ClCompile>
    <ClCompile Include="AmbientLight.cpp">
      <Filter>Source Files\Lights</Filter>
    </ClCompile>
    <ClCompile Include="parsers\parser-v0.1\AST.cpp">
      <Filter>Source Files\Parser\grammar-v0.1</Filter>
    </ClCompile>
    <ClCompile Include="parsers\parser-v0.1\lexer.cpp">
      <Filter>Source Files\Parser\grammar-v0.1</Filter>
    </ClCompile>
    <ClCompile Include="parsers\parser-v0.1\parser.c">
      <Filter>Source Files\Parser\grammar-v0.1</Filter>
    </ClCompile>
    <ClCompile Include="parsers\parser-v0.1\GrammarFrameBuilder.cpp">
      <Filter>Source Files\Parser\grammar-v0.1</Filter>
    </ClCompile>
    <ClCompile Include="parsers\FrameBuilder.cpp">
      <Filter>Source Files\Parser</Filter>
    </ClCompile>
    <ClCompile Include="Deserializer.cpp">
      <Filter>Source Files\Serialization</Filter>
    </ClCompile>
    <ClCompile Include="serialization\SphereDeserializer.cpp">
      <Filter>Source Files\Serialization</Filter>
    </ClCompile>
    <ClCompile Include="serialization\CameraDeserializer.cpp">
      <Filter>Source Files\Serialization</Filter>
    </ClCompile>
    <ClCompile Include="serialization\GlobalDeserializer.cpp">
      <Filter>Source Files\Serialization</Filter>
    </ClCompile>
    <ClCompile Include="ColourSource.cpp">
      <Filter>Source Files\ColourSource</Filter>
    </ClCompile>
    <ClCompile Include="serialization\AmbientLightDeserializer.cpp">
      <Filter>Source Files\Serialization</Filter>
    </ClCompile>
    <ClCompile Include="serialization\DirectionalLightDeserializer.cpp">
      <Filter>Source Files\Serialization</Filter>
    </ClCompile>
    <ClCompile Include="InfiniteCylinderY.cpp">
      <Filter>Source Files\Shapes</Filter>
    </ClCompile>
    <ClCompile Include="serialization\InfiniteCylinderYDeserializer.cpp">
      <Filter>Source Files\Serialization</Filter>
    </ClCompile>
    <ClCompile Include="Torus.cpp">
      <Filter>Source Files\Shapes</Filter>
    </ClCompile>
    <ClCompile Include="MathUtils.cpp">
      <Filter>Source Files\Math</Filter>
    </ClCompile>
    <ClCompile Include="serialization\TorusDeserializer.cpp">
      <Filter>Source Files\Serialization</Filter>
    </ClCompile>
  </ItemGroup>
  <ItemGroup>
    <ClInclude Include="Ray.h">
      <Filter>Header Files\Spatial</Filter>
    </ClInclude>
    <ClInclude Include="ReferenceFrame.h">
      <Filter>Header Files\Spatial</Filter>
    </ClInclude>
    <ClInclude Include="vector.h">
      <Filter>Header Files\Math</Filter>
    </ClInclude>
    <ClInclude Include="Sphere.h">
      <Filter>Header Files\Shapes</Filter>
    </ClInclude>
    <ClInclude Include="Intersection.h">
      <Filter>Header Files\Spatial</Filter>
    </ClInclude>
    <ClInclude Include="ObjectBase.h">
      <Filter>Header Files\Abstract</Filter>
    </ClInclude>
    <ClInclude Include="Scene.h">
      <Filter>Header Files</Filter>
    </ClInclude>
    <ClInclude Include="ptr_ref.h">
      <Filter>Header Files</Filter>
    </ClInclude>
    <ClInclude Include="PreDefs.h">
      <Filter>Header Files</Filter>
    </ClInclude>
    <ClInclude Include="Frame.h">
      <Filter>Header Files</Filter>
    </ClInclude>
    <ClInclude Include="Camera.h">
      <Filter>Header Files\Spatial</Filter>
    </ClInclude>
    <ClInclude Include="ColourSource.h">
      <Filter>Header Files\Abstract</Filter>
    </ClInclude>
    <ClInclude Include="RgbColourSource.h">
      <Filter>Header Files\ColourSource</Filter>
    </ClInclude>
    <ClInclude Include="LightBase.h">
      <Filter>Header Files\Abstract</Filter>
    </ClInclude>
    <ClInclude Include="DirectionalLight.h">
      <Filter>Header Files\Light</Filter>
    </ClInclude>
    <ClInclude Include="AmbientLight.h">
      <Filter>Header Files\Light</Filter>
    </ClInclude>
    <ClInclude Include="parsers\parser-v0.1\AST.h">
      <Filter>Header Files\Parser\grammar-v0.1</Filter>
    </ClInclude>
    <ClInclude Include="parsers\parser-v0.1\AstDefs.h">
      <Filter>Header Files\Parser\grammar-v0.1</Filter>
    </ClInclude>
    <ClInclude Include="parsers\parser-v0.1\lexer.h">
      <Filter>Header Files\Parser\grammar-v0.1</Filter>
    </ClInclude>
    <ClInclude Include="parsers\parser-v0.1\parser.h">
      <Filter>Header Files\Parser\grammar-v0.1</Filter>
    </ClInclude>
    <ClInclude Include="parsers\parser-v0.1\GrammarFrameBuilder.h">
      <Filter>Header Files\Parser\grammar-v0.1</Filter>
    </ClInclude>
    <ClInclude Include="parsers\FrameBuilder.h">
      <Filter>Header Files\Parser</Filter>
    </ClInclude>
    <ClInclude Include="Deserializer.h">
      <Filter>Header Files\Serialization</Filter>
    </ClInclude>
    <ClInclude Include="Defs.h">
      <Filter>Header Files</Filter>
    </ClInclude>
    <ClInclude Include="InfiniteCylinderY.h">
      <Filter>Header Files\Shapes</Filter>
    </ClInclude>
    <ClInclude Include="serialization\SerializationDefs.h">
      <Filter>Header Files\Serialization</Filter>
    </ClInclude>
    <ClInclude Include="Torus.h">
      <Filter>Header Files</Filter>
    </ClInclude>
    <ClInclude Include="MathUtils.h">
      <Filter>Header Files\Math</Filter>
    </ClInclude>
  </ItemGroup>
  <ItemGroup>
    <None Include="parsers\parser-v0.1\lexer.rec">
      <Filter>Resource Files\grammar-v0.1</Filter>
    </None>
    <None Include="parsers\parser-v0.1\parser.y">
      <Filter>Resource Files\grammar-v0.1</Filter>
    </None>
  </ItemGroup>
  <ItemGroup>
    <Text Include="sample.txt">
      <Filter>Resource Files</Filter>
    </Text>
  </ItemGroup>
</Project>