<?xml version="1.0" encoding="utf-8"?>
<Project ToolsVersion="4.0" xmlns="http://schemas.microsoft.com/developer/msbuild/2003">
  <ItemGroup>
    <Filter Include="Source Files">
      <UniqueIdentifier>{4FC737F1-C7A5-4376-A066-2A32D752A2FF}</UniqueIdentifier>
      <Extensions>cpp;c;cc;cxx;def;odl;idl;hpj;bat;asm;asmx</Extensions>
    </Filter>
    <Filter Include="Header Files">
      <UniqueIdentifier>{93995380-89BD-4b04-88EB-625FBE52EBFB}</UniqueIdentifier>
      <Extensions>h;hh;hpp;hxx;hm;inl;inc;xsd</Extensions>
    </Filter>
    <Filter Include="Resource Files">
      <UniqueIdentifier>{67DA6AB6-F800-4c08-8B7A-83BB121AAD01}</UniqueIdentifier>
      <Extensions>rc;ico;cur;bmp;dlg;rc2;rct;bin;rgs;gif;jpg;jpeg;jpe;resx;tiff;tif;png;wav;mfcribbon-ms</Extensions>
    </Filter>
    <Filter Include="Header Files\Abstract">
      <UniqueIdentifier>{1b55045d-a834-4b27-b905-973625bb810b}</UniqueIdentifier>
    </Filter>
    <Filter Include="Header Files\VectorMath">
      <UniqueIdentifier>{91002bc4-fc4c-4d69-9738-ac1414774df7}</UniqueIdentifier>
    </Filter>
    <Filter Include="Header Files\Spatial">
      <UniqueIdentifier>{20f67ebf-cb4f-43f8-8e14-783e96b9adf4}</UniqueIdentifier>
    </Filter>
    <Filter Include="Header Files\Shapes">
      <UniqueIdentifier>{696e41db-2606-4643-ac7c-414d18ae771e}</UniqueIdentifier>
    </Filter>
  </ItemGroup>
  <ItemGroup>
    <ClCompile Include="src\main.cpp">
      <Filter>Source Files</Filter>
    </ClCompile>
    <ClCompile Include="ReferenceFrame.cpp">
      <Filter>Source Files</Filter>
    </ClCompile>
    <ClCompile Include="Ray.cpp">
      <Filter>Source Files</Filter>
    </ClCompile>
    <ClCompile Include="Sphere.cpp">
      <Filter>Source Files</Filter>
    </ClCompile>
    <ClCompile Include="Scene.cpp">
      <Filter>Source Files</Filter>
    </ClCompile>
    <ClCompile Include="ObjectBase.cpp">
      <Filter>Source Files</Filter>
    </ClCompile>
  </ItemGroup>
  <ItemGroup>
    <ClInclude Include="Ray.h">
      <Filter>Header Files\Spatial</Filter>
    </ClInclude>
    <ClInclude Include="ReferenceFrame.h">
      <Filter>Header Files\Spatial</Filter>
    </ClInclude>
    <ClInclude Include="vector.h">
      <Filter>Header Files\VectorMath</Filter>
    </ClInclude>
    <ClInclude Include="Sphere.h">
      <Filter>Header Files\Shapes</Filter>
    </ClInclude>
    <ClInclude Include="Intersection.h">
      <Filter>Header Files\Spatial</Filter>
    </ClInclude>
    <ClInclude Include="ObjectBase.h">
      <Filter>Header Files\Abstract</Filter>
    </ClInclude>
    <ClInclude Include="Scene.h">
      <Filter>Header Files</Filter>
    </ClInclude>
    <ClInclude Include="ptr_ref.h">
      <Filter>Header Files</Filter>
    </ClInclude>
    <ClInclude Include="PreDefs.h">
      <Filter>Header Files</Filter>
    </ClInclude>
  </ItemGroup>
</Project>